// !$*UTF8*$!
{
	archiveVersion = 1;
	classes = {
	};
	objectVersion = 50;
	objects = {

/* Begin PBXBuildFile section */
		ACC051F8175A1C0F038514B3 /* Pods_metraApp.framework in Frameworks */ = {isa = PBXBuildFile; fileRef = D6E0134E8540A28883038EF4 /* Pods_metraApp.framework */; };
		C704D6C321A9DB5A0075AA8B /* AppDelegate.swift in Sources */ = {isa = PBXBuildFile; fileRef = C704D6C221A9DB5A0075AA8B /* AppDelegate.swift */; };
		C704D6C821A9DB5A0075AA8B /* Main.storyboard in Resources */ = {isa = PBXBuildFile; fileRef = C704D6C621A9DB5A0075AA8B /* Main.storyboard */; };
		C704D6CA21A9DB5B0075AA8B /* Assets.xcassets in Resources */ = {isa = PBXBuildFile; fileRef = C704D6C921A9DB5B0075AA8B /* Assets.xcassets */; };
		C704D6CD21A9DB5B0075AA8B /* LaunchScreen.storyboard in Resources */ = {isa = PBXBuildFile; fileRef = C704D6CB21A9DB5B0075AA8B /* LaunchScreen.storyboard */; };
		C7987B0A21AA9354005D01CD /* SWRevealViewController.m in Sources */ = {isa = PBXBuildFile; fileRef = C7987B0921AA9354005D01CD /* SWRevealViewController.m */; };
		C7987B0F21AA9B0A005D01CD /* ChatVC.swift in Sources */ = {isa = PBXBuildFile; fileRef = C7987B0E21AA9B0A005D01CD /* ChatVC.swift */; };
		C7987B1121AA9B1C005D01CD /* ChannelVC.swift in Sources */ = {isa = PBXBuildFile; fileRef = C7987B1021AA9B1C005D01CD /* ChannelVC.swift */; };
		C7987B1321AAA16B005D01CD /* GradientView.swift in Sources */ = {isa = PBXBuildFile; fileRef = C7987B1221AAA16B005D01CD /* GradientView.swift */; };
		C7987B1621AB2E3F005D01CD /* Constants.swift in Sources */ = {isa = PBXBuildFile; fileRef = C7987B1521AB2E3F005D01CD /* Constants.swift */; };
		C7987B1821ABE288005D01CD /* LoginVC.swift in Sources */ = {isa = PBXBuildFile; fileRef = C7987B1721ABE288005D01CD /* LoginVC.swift */; };
		C7987B1A21ABE67D005D01CD /* CreateAccountVC.swift in Sources */ = {isa = PBXBuildFile; fileRef = C7987B1921ABE67D005D01CD /* CreateAccountVC.swift */; };
		C7A61EA521AD59ED00763D63 /* AuthService.swift in Sources */ = {isa = PBXBuildFile; fileRef = C7A61EA421AD59ED00763D63 /* AuthService.swift */; };
		C7A61EA721ADC47500763D63 /* RoundedButton.swift in Sources */ = {isa = PBXBuildFile; fileRef = C7A61EA621ADC47500763D63 /* RoundedButton.swift */; };
/* End PBXBuildFile section */

/* Begin PBXFileReference section */
		1D425250A2C3F1272A5B134A /* Pods-metraApp.debug.xcconfig */ = {isa = PBXFileReference; includeInIndex = 1; lastKnownFileType = text.xcconfig; name = "Pods-metraApp.debug.xcconfig"; path = "Pods/Target Support Files/Pods-metraApp/Pods-metraApp.debug.xcconfig"; sourceTree = "<group>"; };
		36026194B513F43ED7C8FEEC /* Pods-metraApp.release.xcconfig */ = {isa = PBXFileReference; includeInIndex = 1; lastKnownFileType = text.xcconfig; name = "Pods-metraApp.release.xcconfig"; path = "Pods/Target Support Files/Pods-metraApp/Pods-metraApp.release.xcconfig"; sourceTree = "<group>"; };
		C704D6BF21A9DB5A0075AA8B /* metraApp.app */ = {isa = PBXFileReference; explicitFileType = wrapper.application; includeInIndex = 0; path = metraApp.app; sourceTree = BUILT_PRODUCTS_DIR; };
		C704D6C221A9DB5A0075AA8B /* AppDelegate.swift */ = {isa = PBXFileReference; lastKnownFileType = sourcecode.swift; path = AppDelegate.swift; sourceTree = "<group>"; };
		C704D6C721A9DB5A0075AA8B /* Base */ = {isa = PBXFileReference; lastKnownFileType = file.storyboard; name = Base; path = Base.lproj/Main.storyboard; sourceTree = "<group>"; };
		C704D6C921A9DB5B0075AA8B /* Assets.xcassets */ = {isa = PBXFileReference; lastKnownFileType = folder.assetcatalog; path = Assets.xcassets; sourceTree = "<group>"; };
		C704D6CC21A9DB5B0075AA8B /* Base */ = {isa = PBXFileReference; lastKnownFileType = file.storyboard; name = Base; path = Base.lproj/LaunchScreen.storyboard; sourceTree = "<group>"; };
		C704D6CE21A9DB5B0075AA8B /* Info.plist */ = {isa = PBXFileReference; lastKnownFileType = text.plist.xml; path = Info.plist; sourceTree = "<group>"; };
		C7987B0721AA9354005D01CD /* metraApp-Bridging-Header.h */ = {isa = PBXFileReference; lastKnownFileType = sourcecode.c.h; path = "metraApp-Bridging-Header.h"; sourceTree = "<group>"; };
		C7987B0821AA9354005D01CD /* SWRevealViewController.h */ = {isa = PBXFileReference; fileEncoding = 4; lastKnownFileType = sourcecode.c.h; path = SWRevealViewController.h; sourceTree = "<group>"; };
		C7987B0921AA9354005D01CD /* SWRevealViewController.m */ = {isa = PBXFileReference; fileEncoding = 4; lastKnownFileType = sourcecode.c.objc; path = SWRevealViewController.m; sourceTree = "<group>"; };
		C7987B0E21AA9B0A005D01CD /* ChatVC.swift */ = {isa = PBXFileReference; lastKnownFileType = sourcecode.swift; path = ChatVC.swift; sourceTree = "<group>"; };
		C7987B1021AA9B1C005D01CD /* ChannelVC.swift */ = {isa = PBXFileReference; lastKnownFileType = sourcecode.swift; path = ChannelVC.swift; sourceTree = "<group>"; };
		C7987B1221AAA16B005D01CD /* GradientView.swift */ = {isa = PBXFileReference; lastKnownFileType = sourcecode.swift; path = GradientView.swift; sourceTree = "<group>"; };
		C7987B1521AB2E3F005D01CD /* Constants.swift */ = {isa = PBXFileReference; lastKnownFileType = sourcecode.swift; path = Constants.swift; sourceTree = "<group>"; };
		C7987B1721ABE288005D01CD /* LoginVC.swift */ = {isa = PBXFileReference; lastKnownFileType = sourcecode.swift; path = LoginVC.swift; sourceTree = "<group>"; };
		C7987B1921ABE67D005D01CD /* CreateAccountVC.swift */ = {isa = PBXFileReference; lastKnownFileType = sourcecode.swift; path = CreateAccountVC.swift; sourceTree = "<group>"; };
		C7A61EA421AD59ED00763D63 /* AuthService.swift */ = {isa = PBXFileReference; lastKnownFileType = sourcecode.swift; path = AuthService.swift; sourceTree = "<group>"; };
		C7A61EA621ADC47500763D63 /* RoundedButton.swift */ = {isa = PBXFileReference; lastKnownFileType = sourcecode.swift; path = RoundedButton.swift; sourceTree = "<group>"; };
		D6E0134E8540A28883038EF4 /* Pods_metraApp.framework */ = {isa = PBXFileReference; explicitFileType = wrapper.framework; includeInIndex = 0; path = Pods_metraApp.framework; sourceTree = BUILT_PRODUCTS_DIR; };
/* End PBXFileReference section */

/* Begin PBXFrameworksBuildPhase section */
		C704D6BC21A9DB5A0075AA8B /* Frameworks */ = {
			isa = PBXFrameworksBuildPhase;
			buildActionMask = 2147483647;
			files = (
				ACC051F8175A1C0F038514B3 /* Pods_metraApp.framework in Frameworks */,
			);
			runOnlyForDeploymentPostprocessing = 0;
		};
/* End PBXFrameworksBuildPhase section */

/* Begin PBXGroup section */
		142B865F5CC0F7B3EEC23E34 /* Frameworks */ = {
			isa = PBXGroup;
			children = (
				D6E0134E8540A28883038EF4 /* Pods_metraApp.framework */,
			);
			name = Frameworks;
			sourceTree = "<group>";
		};
		C704D6B621A9DB5A0075AA8B = {
			isa = PBXGroup;
			children = (
				C704D6C121A9DB5A0075AA8B /* metraApp */,
				C704D6C021A9DB5A0075AA8B /* Products */,
				ED3630B692E8C77906239019 /* Pods */,
				142B865F5CC0F7B3EEC23E34 /* Frameworks */,
			);
			sourceTree = "<group>";
		};
		C704D6C021A9DB5A0075AA8B /* Products */ = {
			isa = PBXGroup;
			children = (
				C704D6BF21A9DB5A0075AA8B /* metraApp.app */,
			);
			name = Products;
			sourceTree = "<group>";
		};
		C704D6C121A9DB5A0075AA8B /* metraApp */ = {
			isa = PBXGroup;
			children = (
				C7A61EA321AD59CC00763D63 /* Services */,
				C7987B1421AB2E26005D01CD /* Utilities */,
				C7987B0D21AA9AF4005D01CD /* Model */,
				C7987B0C21AA9AEE005D01CD /* View */,
				C7987B0B21AA9AE7005D01CD /* Controller */,
				C7987B0821AA9354005D01CD /* SWRevealViewController.h */,
				C7987B0921AA9354005D01CD /* SWRevealViewController.m */,
				C704D6C221A9DB5A0075AA8B /* AppDelegate.swift */,
				C704D6C621A9DB5A0075AA8B /* Main.storyboard */,
				C704D6C921A9DB5B0075AA8B /* Assets.xcassets */,
				C704D6CB21A9DB5B0075AA8B /* LaunchScreen.storyboard */,
				C704D6CE21A9DB5B0075AA8B /* Info.plist */,
				C7987B0721AA9354005D01CD /* metraApp-Bridging-Header.h */,
			);
			path = metraApp;
			sourceTree = "<group>";
		};
		C7987B0B21AA9AE7005D01CD /* Controller */ = {
			isa = PBXGroup;
			children = (
				C7987B0E21AA9B0A005D01CD /* ChatVC.swift */,
				C7987B1021AA9B1C005D01CD /* ChannelVC.swift */,
				C7987B1721ABE288005D01CD /* LoginVC.swift */,
				C7987B1921ABE67D005D01CD /* CreateAccountVC.swift */,
			);
			path = Controller;
			sourceTree = "<group>";
		};
		C7987B0C21AA9AEE005D01CD /* View */ = {
			isa = PBXGroup;
			children = (
				C7987B1221AAA16B005D01CD /* GradientView.swift */,
				C7A61EA621ADC47500763D63 /* RoundedButton.swift */,
			);
			path = View;
			sourceTree = "<group>";
		};
		C7987B0D21AA9AF4005D01CD /* Model */ = {
			isa = PBXGroup;
			children = (
			);
			path = Model;
			sourceTree = "<group>";
		};
		C7987B1421AB2E26005D01CD /* Utilities */ = {
			isa = PBXGroup;
			children = (
				C7987B1521AB2E3F005D01CD /* Constants.swift */,
			);
			path = Utilities;
			sourceTree = "<group>";
		};
		C7A61EA321AD59CC00763D63 /* Services */ = {
			isa = PBXGroup;
			children = (
				C7A61EA421AD59ED00763D63 /* AuthService.swift */,
			);
			path = Services;
			sourceTree = "<group>";
		};
		ED3630B692E8C77906239019 /* Pods */ = {
			isa = PBXGroup;
			children = (
				1D425250A2C3F1272A5B134A /* Pods-metraApp.debug.xcconfig */,
				36026194B513F43ED7C8FEEC /* Pods-metraApp.release.xcconfig */,
			);
			name = Pods;
			sourceTree = "<group>";
		};
/* End PBXGroup section */

/* Begin PBXNativeTarget section */
		C704D6BE21A9DB5A0075AA8B /* metraApp */ = {
			isa = PBXNativeTarget;
			buildConfigurationList = C704D6D121A9DB5B0075AA8B /* Build configuration list for PBXNativeTarget "metraApp" */;
			buildPhases = (
				63D5DD4CCA4E3E4C18388E0F /* [CP] Check Pods Manifest.lock */,
				C704D6BB21A9DB5A0075AA8B /* Sources */,
				C704D6BC21A9DB5A0075AA8B /* Frameworks */,
				C704D6BD21A9DB5A0075AA8B /* Resources */,
				6DC5B8B34182A824AFA5D9BC /* [CP] Embed Pods Frameworks */,
			);
			buildRules = (
			);
			dependencies = (
			);
			name = metraApp;
			productName = metraApp;
			productReference = C704D6BF21A9DB5A0075AA8B /* metraApp.app */;
			productType = "com.apple.product-type.application";
		};
/* End PBXNativeTarget section */

/* Begin PBXProject section */
		C704D6B721A9DB5A0075AA8B /* Project object */ = {
			isa = PBXProject;
			attributes = {
				LastSwiftUpdateCheck = 1010;
				LastUpgradeCheck = 1010;
				ORGANIZATIONNAME = "Metra Company";
				TargetAttributes = {
					C704D6BE21A9DB5A0075AA8B = {
						CreatedOnToolsVersion = 10.1;
						LastSwiftMigration = 1010;
					};
				};
			};
			buildConfigurationList = C704D6BA21A9DB5A0075AA8B /* Build configuration list for PBXProject "metraApp" */;
			compatibilityVersion = "Xcode 9.3";
			developmentRegion = en;
			hasScannedForEncodings = 0;
			knownRegions = (
				en,
				Base,
			);
			mainGroup = C704D6B621A9DB5A0075AA8B;
			productRefGroup = C704D6C021A9DB5A0075AA8B /* Products */;
			projectDirPath = "";
			projectRoot = "";
			targets = (
				C704D6BE21A9DB5A0075AA8B /* metraApp */,
			);
		};
/* End PBXProject section */

/* Begin PBXResourcesBuildPhase section */
		C704D6BD21A9DB5A0075AA8B /* Resources */ = {
			isa = PBXResourcesBuildPhase;
			buildActionMask = 2147483647;
			files = (
				C704D6CD21A9DB5B0075AA8B /* LaunchScreen.storyboard in Resources */,
				C704D6CA21A9DB5B0075AA8B /* Assets.xcassets in Resources */,
				C704D6C821A9DB5A0075AA8B /* Main.storyboard in Resources */,
			);
			runOnlyForDeploymentPostprocessing = 0;
		};
/* End PBXResourcesBuildPhase section */

/* Begin PBXShellScriptBuildPhase section */
		63D5DD4CCA4E3E4C18388E0F /* [CP] Check Pods Manifest.lock */ = {
			isa = PBXShellScriptBuildPhase;
			buildActionMask = 2147483647;
			files = (
			);
			inputPaths = (
				"${PODS_PODFILE_DIR_PATH}/Podfile.lock",
				"${PODS_ROOT}/Manifest.lock",
			);
			name = "[CP] Check Pods Manifest.lock";
			outputPaths = (
				"$(DERIVED_FILE_DIR)/Pods-metraApp-checkManifestLockResult.txt",
			);
			runOnlyForDeploymentPostprocessing = 0;
			shellPath = /bin/sh;
			shellScript = "diff \"${PODS_PODFILE_DIR_PATH}/Podfile.lock\" \"${PODS_ROOT}/Manifest.lock\" > /dev/null\nif [ $? != 0 ] ; then\n    # print error to STDERR\n    echo \"error: The sandbox is not in sync with the Podfile.lock. Run 'pod install' or update your CocoaPods installation.\" >&2\n    exit 1\nfi\n# This output is used by Xcode 'outputs' to avoid re-running this script phase.\necho \"SUCCESS\" > \"${SCRIPT_OUTPUT_FILE_0}\"\n";
			showEnvVarsInLog = 0;
		};
		6DC5B8B34182A824AFA5D9BC /* [CP] Embed Pods Frameworks */ = {
			isa = PBXShellScriptBuildPhase;
			buildActionMask = 2147483647;
			files = (
			);
			inputPaths = (
				"${SRCROOT}/Pods/Target Support Files/Pods-metraApp/Pods-metraApp-frameworks.sh",
				"${BUILT_PRODUCTS_DIR}/Alamofire/Alamofire.framework",
				"${BUILT_PRODUCTS_DIR}/Socket.IO-Client-Swift/SocketIO.framework",
				"${BUILT_PRODUCTS_DIR}/Starscream/Starscream.framework",
				"${BUILT_PRODUCTS_DIR}/SwiftyJSON/SwiftyJSON.framework",
			);
			name = "[CP] Embed Pods Frameworks";
			outputPaths = (
				"${TARGET_BUILD_DIR}/${FRAMEWORKS_FOLDER_PATH}/Alamofire.framework",
				"${TARGET_BUILD_DIR}/${FRAMEWORKS_FOLDER_PATH}/SocketIO.framework",
				"${TARGET_BUILD_DIR}/${FRAMEWORKS_FOLDER_PATH}/Starscream.framework",
				"${TARGET_BUILD_DIR}/${FRAMEWORKS_FOLDER_PATH}/SwiftyJSON.framework",
			);
			runOnlyForDeploymentPostprocessing = 0;
			shellPath = /bin/sh;
			shellScript = "\"${SRCROOT}/Pods/Target Support Files/Pods-metraApp/Pods-metraApp-frameworks.sh\"\n";
			showEnvVarsInLog = 0;
		};
/* End PBXShellScriptBuildPhase section */

/* Begin PBXSourcesBuildPhase section */
		C704D6BB21A9DB5A0075AA8B /* Sources */ = {
			isa = PBXSourcesBuildPhase;
			buildActionMask = 2147483647;
			files = (
				C7987B1121AA9B1C005D01CD /* ChannelVC.swift in Sources */,
				C7A61EA721ADC47500763D63 /* RoundedButton.swift in Sources */,
				C7987B0F21AA9B0A005D01CD /* ChatVC.swift in Sources */,
				C7987B1A21ABE67D005D01CD /* CreateAccountVC.swift in Sources */,
				C7A61EA521AD59ED00763D63 /* AuthService.swift in Sources */,
				C7987B1321AAA16B005D01CD /* GradientView.swift in Sources */,
				C704D6C321A9DB5A0075AA8B /* AppDelegate.swift in Sources */,
				C7987B0A21AA9354005D01CD /* SWRevealViewController.m in Sources */,
				C7987B1621AB2E3F005D01CD /* Constants.swift in Sources */,
				C7987B1821ABE288005D01CD /* LoginVC.swift in Sources */,
			);
			runOnlyForDeploymentPostprocessing = 0;
		};
/* End PBXSourcesBuildPhase section */

/* Begin PBXVariantGroup section */
		C704D6C621A9DB5A0075AA8B /* Main.storyboard */ = {
			isa = PBXVariantGroup;
			children = (
				C704D6C721A9DB5A0075AA8B /* Base */,
			);
			name = Main.storyboard;
			sourceTree = "<group>";
		};
		C704D6CB21A9DB5B0075AA8B /* LaunchScreen.storyboard */ = {
			isa = PBXVariantGroup;
			children = (
				C704D6CC21A9DB5B0075AA8B /* Base */,
			);
			name = LaunchScreen.storyboard;
			sourceTree = "<group>";
		};
/* End PBXVariantGroup section */

/* Begin XCBuildConfiguration section */
		C704D6CF21A9DB5B0075AA8B /* Debug */ = {
			isa = XCBuildConfiguration;
			buildSettings = {
				ALWAYS_SEARCH_USER_PATHS = NO;
				CLANG_ANALYZER_NONNULL = YES;
				CLANG_ANALYZER_NUMBER_OBJECT_CONVERSION = YES_AGGRESSIVE;
				CLANG_CXX_LANGUAGE_STANDARD = "gnu++14";
				CLANG_CXX_LIBRARY = "libc++";
				CLANG_ENABLE_MODULES = YES;
				CLANG_ENABLE_OBJC_ARC = YES;
				CLANG_ENABLE_OBJC_WEAK = YES;
				CLANG_WARN_BLOCK_CAPTURE_AUTORELEASING = YES;
				CLANG_WARN_BOOL_CONVERSION = YES;
				CLANG_WARN_COMMA = YES;
				CLANG_WARN_CONSTANT_CONVERSION = YES;
				CLANG_WARN_DEPRECATED_OBJC_IMPLEMENTATIONS = YES;
				CLANG_WARN_DIRECT_OBJC_ISA_USAGE = YES_ERROR;
				CLANG_WARN_DOCUMENTATION_COMMENTS = YES;
				CLANG_WARN_EMPTY_BODY = YES;
				CLANG_WARN_ENUM_CONVERSION = YES;
				CLANG_WARN_INFINITE_RECURSION = YES;
				CLANG_WARN_INT_CONVERSION = YES;
				CLANG_WARN_NON_LITERAL_NULL_CONVERSION = YES;
				CLANG_WARN_OBJC_IMPLICIT_RETAIN_SELF = YES;
				CLANG_WARN_OBJC_LITERAL_CONVERSION = YES;
				CLANG_WARN_OBJC_ROOT_CLASS = YES_ERROR;
				CLANG_WARN_RANGE_LOOP_ANALYSIS = YES;
				CLANG_WARN_STRICT_PROTOTYPES = YES;
				CLANG_WARN_SUSPICIOUS_MOVE = YES;
				CLANG_WARN_UNGUARDED_AVAILABILITY = YES_AGGRESSIVE;
				CLANG_WARN_UNREACHABLE_CODE = YES;
				CLANG_WARN__DUPLICATE_METHOD_MATCH = YES;
				CODE_SIGN_IDENTITY = "iPhone Developer";
				COPY_PHASE_STRIP = NO;
				DEBUG_INFORMATION_FORMAT = dwarf;
				ENABLE_STRICT_OBJC_MSGSEND = YES;
				ENABLE_TESTABILITY = YES;
				GCC_C_LANGUAGE_STANDARD = gnu11;
				GCC_DYNAMIC_NO_PIC = NO;
				GCC_NO_COMMON_BLOCKS = YES;
				GCC_OPTIMIZATION_LEVEL = 0;
				GCC_PREPROCESSOR_DEFINITIONS = (
					"DEBUG=1",
					"$(inherited)",
				);
				GCC_WARN_64_TO_32_BIT_CONVERSION = YES;
				GCC_WARN_ABOUT_RETURN_TYPE = YES_ERROR;
				GCC_WARN_UNDECLARED_SELECTOR = YES;
				GCC_WARN_UNINITIALIZED_AUTOS = YES_AGGRESSIVE;
				GCC_WARN_UNUSED_FUNCTION = YES;
				GCC_WARN_UNUSED_VARIABLE = YES;
				IPHONEOS_DEPLOYMENT_TARGET = 12.1;
				MTL_ENABLE_DEBUG_INFO = INCLUDE_SOURCE;
				MTL_FAST_MATH = YES;
				ONLY_ACTIVE_ARCH = YES;
				SDKROOT = iphoneos;
				SWIFT_ACTIVE_COMPILATION_CONDITIONS = DEBUG;
				SWIFT_OPTIMIZATION_LEVEL = "-Onone";
			};
			name = Debug;
		};
		C704D6D021A9DB5B0075AA8B /* Release */ = {
			isa = XCBuildConfiguration;
			buildSettings = {
				ALWAYS_SEARCH_USER_PATHS = NO;
				CLANG_ANALYZER_NONNULL = YES;
				CLANG_ANALYZER_NUMBER_OBJECT_CONVERSION = YES_AGGRESSIVE;
				CLANG_CXX_LANGUAGE_STANDARD = "gnu++14";
				CLANG_CXX_LIBRARY = "libc++";
				CLANG_ENABLE_MODULES = YES;
				CLANG_ENABLE_OBJC_ARC = YES;
				CLANG_ENABLE_OBJC_WEAK = YES;
				CLANG_WARN_BLOCK_CAPTURE_AUTORELEASING = YES;
				CLANG_WARN_BOOL_CONVERSION = YES;
				CLANG_WARN_COMMA = YES;
				CLANG_WARN_CONSTANT_CONVERSION = YES;
				CLANG_WARN_DEPRECATED_OBJC_IMPLEMENTATIONS = YES;
				CLANG_WARN_DIRECT_OBJC_ISA_USAGE = YES_ERROR;
				CLANG_WARN_DOCUMENTATION_COMMENTS = YES;
				CLANG_WARN_EMPTY_BODY = YES;
				CLANG_WARN_ENUM_CONVERSION = YES;
				CLANG_WARN_INFINITE_RECURSION = YES;
				CLANG_WARN_INT_CONVERSION = YES;
				CLANG_WARN_NON_LITERAL_NULL_CONVERSION = YES;
				CLANG_WARN_OBJC_IMPLICIT_RETAIN_SELF = YES;
				CLANG_WARN_OBJC_LITERAL_CONVERSION = YES;
				CLANG_WARN_OBJC_ROOT_CLASS = YES_ERROR;
				CLANG_WARN_RANGE_LOOP_ANALYSIS = YES;
				CLANG_WARN_STRICT_PROTOTYPES = YES;
				CLANG_WARN_SUSPICIOUS_MOVE = YES;
				CLANG_WARN_UNGUARDED_AVAILABILITY = YES_AGGRESSIVE;
				CLANG_WARN_UNREACHABLE_CODE = YES;
				CLANG_WARN__DUPLICATE_METHOD_MATCH = YES;
				CODE_SIGN_IDENTITY = "iPhone Developer";
				COPY_PHASE_STRIP = NO;
				DEBUG_INFORMATION_FORMAT = "dwarf-with-dsym";
				ENABLE_NS_ASSERTIONS = NO;
				ENABLE_STRICT_OBJC_MSGSEND = YES;
				GCC_C_LANGUAGE_STANDARD = gnu11;
				GCC_NO_COMMON_BLOCKS = YES;
				GCC_WARN_64_TO_32_BIT_CONVERSION = YES;
				GCC_WARN_ABOUT_RETURN_TYPE = YES_ERROR;
				GCC_WARN_UNDECLARED_SELECTOR = YES;
				GCC_WARN_UNINITIALIZED_AUTOS = YES_AGGRESSIVE;
				GCC_WARN_UNUSED_FUNCTION = YES;
				GCC_WARN_UNUSED_VARIABLE = YES;
				IPHONEOS_DEPLOYMENT_TARGET = 12.1;
				MTL_ENABLE_DEBUG_INFO = NO;
				MTL_FAST_MATH = YES;
				SDKROOT = iphoneos;
				SWIFT_COMPILATION_MODE = wholemodule;
				SWIFT_OPTIMIZATION_LEVEL = "-O";
				VALIDATE_PRODUCT = YES;
			};
			name = Release;
		};
		C704D6D221A9DB5B0075AA8B /* Debug */ = {
			isa = XCBuildConfiguration;
			baseConfigurationReference = 1D425250A2C3F1272A5B134A /* Pods-metraApp.debug.xcconfig */;
			buildSettings = {
				ASSETCATALOG_COMPILER_APPICON_NAME = AppIcon;
				CLANG_ENABLE_MODULES = YES;
				CODE_SIGN_STYLE = Automatic;
				DEVELOPMENT_TEAM = VTH2QBAX4P;
				INFOPLIST_FILE = metraApp/Info.plist;
				LD_RUNPATH_SEARCH_PATHS = (
					"$(inherited)",
					"@executable_path/Frameworks",
				);
				PRODUCT_BUNDLE_IDENTIFIER = "com.ies-constructions.metraApp";
				PRODUCT_NAME = "$(TARGET_NAME)";
				SWIFT_OBJC_BRIDGING_HEADER = "metraApp/metraApp-Bridging-Header.h";
				SWIFT_OPTIMIZATION_LEVEL = "-Onone";
				SWIFT_VERSION = 4.2;
				TARGETED_DEVICE_FAMILY = "1,2";
			};
			name = Debug;
		};
		C704D6D321A9DB5B0075AA8B /* Release */ = {
			isa = XCBuildConfiguration;
			baseConfigurationReference = 36026194B513F43ED7C8FEEC /* Pods-metraApp.release.xcconfig */;
			buildSettings = {
				ASSETCATALOG_COMPILER_APPICON_NAME = AppIcon;
				CLANG_ENABLE_MODULES = YES;
				CODE_SIGN_STYLE = Automatic;
				DEVELOPMENT_TEAM = VTH2QBAX4P;
				INFOPLIST_FILE = metraApp/Info.plist;
				LD_RUNPATH_SEARCH_PATHS = (
					"$(inherited)",
					"@executable_path/Frameworks",
				);
				PRODUCT_BUNDLE_IDENTIFIER = "com.ies-constructions.metraApp";
				PRODUCT_NAME = "$(TARGET_NAME)";
				SWIFT_OBJC_BRIDGING_HEADER = "metraApp/metraApp-Bridging-Header.h";
				SWIFT_VERSION = 4.2;
				TARGETED_DEVICE_FAMILY = "1,2";
			};
			name = Release;
		};
/* End XCBuildConfiguration section */

/* Begin XCConfigurationList section */
		C704D6BA21A9DB5A0075AA8B /* Build configuration list for PBXProject "metraApp" */ = {
			isa = XCConfigurationList;
			buildConfigurations = (
				C704D6CF21A9DB5B0075AA8B /* Debug */,
				C704D6D021A9DB5B0075AA8B /* Release */,
			);
			defaultConfigurationIsVisible = 0;
			defaultConfigurationName = Release;
		};
		C704D6D121A9DB5B0075AA8B /* Build configuration list for PBXNativeTarget "metraApp" */ = {
			isa = XCConfigurationList;
			buildConfigurations = (
				C704D6D221A9DB5B0075AA8B /* Debug */,
				C704D6D321A9DB5B0075AA8B /* Release */,
			);
			defaultConfigurationIsVisible = 0;
			defaultConfigurationName = Release;
		};
/* End XCConfigurationList section */
	};
	rootObject = C704D6B721A9DB5A0075AA8B /* Project object */;
}
